
Microsoft Visual Studio Solution File, Format Version 12.00
# Visual Studio Version 16
VisualStudioVersion = 16.0.32901.82
MinimumVisualStudioVersion = 10.0.40219.1
Project("{9A19103F-16F7-4668-BE54-9A1E7A4F7556}") = "HydrantReportingService.Functions", "HydrantReportingService.Functions\HydrantReportingService.Functions.csproj", "{9E2AAA0D-74F5-4EEE-B9EA-8BD407455ADA}"
EndProject
Project("{9A19103F-16F7-4668-BE54-9A1E7A4F7556}") = "Reporter", "Reporter\Reporter.csproj", "{9500DFEC-95EB-41FE-9A99-DDC5068F8D90}"
EndProject
Project("{2150E333-8FDC-42A3-9474-1A3956D46DE8}") = "01 Cloud", "01 Cloud", "{E5E85DAD-46C3-432E-AAA3-43CA540128ED}"
EndProject
Project("{2150E333-8FDC-42A3-9474-1A3956D46DE8}") = "02 Mobile", "02 Mobile", "{074674BC-2584-4CEC-AA94-BB8EFC6CBDF4}"
EndProject
Project("{9A19103F-16F7-4668-BE54-9A1E7A4F7556}") = "HydrantReportingService.Library", "HydrantReportingService.Library\HydrantReportingService.Library.csproj", "{424F9709-034E-4B9E-B087-4EEB44CA8B39}"
EndProject
Project("{9A19103F-16F7-4668-BE54-9A1E7A4F7556}") = "HydrantReportingService.Services", "HydrantReportingService.Services\HydrantReportingService.Services.csproj", "{02B516FD-7AFF-4F93-B6A2-1C553EAEF048}"
EndProject
Project("{2150E333-8FDC-42A3-9474-1A3956D46DE8}") = "03 Web", "03 Web", "{284CE22C-30CF-413A-A222-4E97177C5797}"
EndProject
Project("{E24C65DC-7377-472B-9ABA-BC803B73C61A}") = "Web", "Web\", "{7B1BF8AA-39E9-4517-B67B-2A3A634FD91A}"
	ProjectSection(WebsiteProperties) = preProject
		TargetFrameworkMoniker = ".NETFramework,Version%3Dv4.0"
		Debug.AspNetCompiler.VirtualPath = "/localhost_51444"
		Debug.AspNetCompiler.PhysicalPath = "Web\"
		Debug.AspNetCompiler.TargetPath = "PrecompiledWeb\localhost_51444\"
		Debug.AspNetCompiler.Updateable = "true"
		Debug.AspNetCompiler.ForceOverwrite = "true"
		Debug.AspNetCompiler.FixedNames = "false"
		Debug.AspNetCompiler.Debug = "True"
		Release.AspNetCompiler.VirtualPath = "/localhost_51444"
		Release.AspNetCompiler.PhysicalPath = "Web\"
		Release.AspNetCompiler.TargetPath = "PrecompiledWeb\localhost_51444\"
		Release.AspNetCompiler.Updateable = "true"
		Release.AspNetCompiler.ForceOverwrite = "true"
		Release.AspNetCompiler.FixedNames = "false"
		Release.AspNetCompiler.Debug = "False"
		VWDPort = "51444"
	EndProjectSection
EndProject
Global
	GlobalSection(SolutionConfigurationPlatforms) = preSolution
		Debug|Any CPU = Debug|Any CPU
		Release|Any CPU = Release|Any CPU
	EndGlobalSection
	GlobalSection(ProjectConfigurationPlatforms) = postSolution
		{9E2AAA0D-74F5-4EEE-B9EA-8BD407455ADA}.Debug|Any CPU.ActiveCfg = Debug|Any CPU
		{9E2AAA0D-74F5-4EEE-B9EA-8BD407455ADA}.Debug|Any CPU.Build.0 = Debug|Any CPU
		{9E2AAA0D-74F5-4EEE-B9EA-8BD407455ADA}.Release|Any CPU.ActiveCfg = Release|Any CPU
		{9E2AAA0D-74F5-4EEE-B9EA-8BD407455ADA}.Release|Any CPU.Build.0 = Release|Any CPU
		{9500DFEC-95EB-41FE-9A99-DDC5068F8D90}.Debug|Any CPU.ActiveCfg = Debug|Any CPU
		{9500DFEC-95EB-41FE-9A99-DDC5068F8D90}.Debug|Any CPU.Build.0 = Debug|Any CPU
		{9500DFEC-95EB-41FE-9A99-DDC5068F8D90}.Debug|Any CPU.Deploy.0 = Debug|Any CPU
		{9500DFEC-95EB-41FE-9A99-DDC5068F8D90}.Release|Any CPU.ActiveCfg = Release|Any CPU
		{9500DFEC-95EB-41FE-9A99-DDC5068F8D90}.Release|Any CPU.Build.0 = Release|Any CPU
		{9500DFEC-95EB-41FE-9A99-DDC5068F8D90}.Release|Any CPU.Deploy.0 = Release|Any CPU
		{424F9709-034E-4B9E-B087-4EEB44CA8B39}.Debug|Any CPU.ActiveCfg = Debug|Any CPU
		{424F9709-034E-4B9E-B087-4EEB44CA8B39}.Debug|Any CPU.Build.0 = Debug|Any CPU
		{424F9709-034E-4B9E-B087-4EEB44CA8B39}.Release|Any CPU.ActiveCfg = Release|Any CPU
		{424F9709-034E-4B9E-B087-4EEB44CA8B39}.Release|Any CPU.Build.0 = Release|Any CPU
		{02B516FD-7AFF-4F93-B6A2-1C553EAEF048}.Debug|Any CPU.ActiveCfg = Debug|Any CPU
		{02B516FD-7AFF-4F93-B6A2-1C553EAEF048}.Debug|Any CPU.Build.0 = Debug|Any CPU
		{02B516FD-7AFF-4F93-B6A2-1C553EAEF048}.Release|Any CPU.ActiveCfg = Release|Any CPU
		{02B516FD-7AFF-4F93-B6A2-1C553EAEF048}.Release|Any CPU.Build.0 = Release|Any CPU
		{7B1BF8AA-39E9-4517-B67B-2A3A634FD91A}.Debug|Any CPU.ActiveCfg = Debug|Any CPU
		{7B1BF8AA-39E9-4517-B67B-2A3A634FD91A}.Debug|Any CPU.Build.0 = Debug|Any CPU
		{7B1BF8AA-39E9-4517-B67B-2A3A634FD91A}.Release|Any CPU.ActiveCfg = Debug|Any CPU
		{7B1BF8AA-39E9-4517-B67B-2A3A634FD91A}.Release|Any CPU.Build.0 = Debug|Any CPU
	EndGlobalSection
	GlobalSection(SolutionProperties) = preSolution
		HideSolutionNode = FALSE
	EndGlobalSection
	GlobalSection(NestedProjects) = preSolution
		{9E2AAA0D-74F5-4EEE-B9EA-8BD407455ADA} = {E5E85DAD-46C3-432E-AAA3-43CA540128ED}
		{9500DFEC-95EB-41FE-9A99-DDC5068F8D90} = {074674BC-2584-4CEC-AA94-BB8EFC6CBDF4}
		{424F9709-034E-4B9E-B087-4EEB44CA8B39} = {E5E85DAD-46C3-432E-AAA3-43CA540128ED}
		{02B516FD-7AFF-4F93-B6A2-1C553EAEF048} = {E5E85DAD-46C3-432E-AAA3-43CA540128ED}
		{7B1BF8AA-39E9-4517-B67B-2A3A634FD91A} = {284CE22C-30CF-413A-A222-4E97177C5797}
	EndGlobalSection
	GlobalSection(ExtensibilityGlobals) = postSolution
		SolutionGuid = {94AF803E-94F1-469E-8099-B127CA606D25}
	EndGlobalSection
EndGlobal
